
Microsoft Visual Studio Solution File, Format Version 12.00
# Visual Studio Version 17
VisualStudioVersion = 17.14.36109.1
MinimumVisualStudioVersion = 10.0.40219.1
Project("{2150E333-8FDC-42A3-9474-1A3956D46DE8}") = "src", "src", "{02EA681E-C7D8-13C7-8484-4AC65E1B71E8}"
EndProject
Project("{2150E333-8FDC-42A3-9474-1A3956D46DE8}") = "Services", "Services", "{D8CB445C-A3B5-4343-98E8-B40771997274}"
EndProject
Project("{2150E333-8FDC-42A3-9474-1A3956D46DE8}") = "OrderService", "OrderService", "{B82ECB8D-7F1A-48C2-BD0B-8CB70620C58D}"
EndProject
Project("{FAE04EC0-301F-11D3-BF4B-00C04F79EFBC}") = "FleetOps.Order.Application", "src\Services\OrderService\FleetOps.Order.Application\FleetOps.Order.Application.csproj", "{C422C3B0-6FC9-4C65-AF71-9756C1032A16}"
EndProject
Project("{FAE04EC0-301F-11D3-BF4B-00C04F79EFBC}") = "FleetOps.Order.Domain", "src\Services\OrderService\FleetOps.Order.Domain\FleetOps.Order.Domain.csproj", "{5F07688B-BA84-431A-AC13-133E5B22C3BC}"
EndProject
Project("{FAE04EC0-301F-11D3-BF4B-00C04F79EFBC}") = "FleetOps.Order.Infrastructure", "src\Services\OrderService\FleetOps.Order.Infrastructure\FleetOps.Order.Infrastructure.csproj", "{174F050E-12B0-4A99-A350-CED018F23BC6}"
EndProject
Project("{FAE04EC0-301F-11D3-BF4B-00C04F79EFBC}") = "FleetOps.Order.Api", "src\Services\OrderService\FleetOps.Order.Api\FleetOps.Order.Api.csproj", "{E1519E4D-089C-43C9-831D-41FE60D81544}"
EndProject
Project("{2150E333-8FDC-42A3-9474-1A3956D46DE8}") = "tests", "tests", "{E0914463-0C6B-4901-B633-45BAAF97A213}"
EndProject
Project("{FAE04EC0-301F-11D3-BF4B-00C04F79EFBC}") = "FleetOps.Order.Tests.Domain", "FleetOps.Order.Tests.Domain\FleetOps.Order.Tests.Domain.csproj", "{6DC56285-2D8C-41D6-9124-B083A9B9DE83}"
EndProject
Global
	GlobalSection(SolutionConfigurationPlatforms) = preSolution
		Debug|Any CPU = Debug|Any CPU
		Debug|x64 = Debug|x64
		Debug|x86 = Debug|x86
		Release|Any CPU = Release|Any CPU
		Release|x64 = Release|x64
		Release|x86 = Release|x86
	EndGlobalSection
	GlobalSection(ProjectConfigurationPlatforms) = postSolution
		{C422C3B0-6FC9-4C65-AF71-9756C1032A16}.Debug|Any CPU.ActiveCfg = Debug|Any CPU
		{C422C3B0-6FC9-4C65-AF71-9756C1032A16}.Debug|Any CPU.Build.0 = Debug|Any CPU
		{C422C3B0-6FC9-4C65-AF71-9756C1032A16}.Debug|x64.ActiveCfg = Debug|Any CPU
		{C422C3B0-6FC9-4C65-AF71-9756C1032A16}.Debug|x64.Build.0 = Debug|Any CPU
		{C422C3B0-6FC9-4C65-AF71-9756C1032A16}.Debug|x86.ActiveCfg = Debug|Any CPU
		{C422C3B0-6FC9-4C65-AF71-9756C1032A16}.Debug|x86.Build.0 = Debug|Any CPU
		{C422C3B0-6FC9-4C65-AF71-9756C1032A16}.Release|Any CPU.ActiveCfg = Release|Any CPU
		{C422C3B0-6FC9-4C65-AF71-9756C1032A16}.Release|Any CPU.Build.0 = Release|Any CPU
		{C422C3B0-6FC9-4C65-AF71-9756C1032A16}.Release|x64.ActiveCfg = Release|Any CPU
		{C422C3B0-6FC9-4C65-AF71-9756C1032A16}.Release|x64.Build.0 = Release|Any CPU
		{C422C3B0-6FC9-4C65-AF71-9756C1032A16}.Release|x86.ActiveCfg = Release|Any CPU
		{C422C3B0-6FC9-4C65-AF71-9756C1032A16}.Release|x86.Build.0 = Release|Any CPU
		{5F07688B-BA84-431A-AC13-133E5B22C3BC}.Debug|Any CPU.ActiveCfg = Debug|Any CPU
		{5F07688B-BA84-431A-AC13-133E5B22C3BC}.Debug|Any CPU.Build.0 = Debug|Any CPU
		{5F07688B-BA84-431A-AC13-133E5B22C3BC}.Debug|x64.ActiveCfg = Debug|Any CPU
		{5F07688B-BA84-431A-AC13-133E5B22C3BC}.Debug|x64.Build.0 = Debug|Any CPU
		{5F07688B-BA84-431A-AC13-133E5B22C3BC}.Debug|x86.ActiveCfg = Debug|Any CPU
		{5F07688B-BA84-431A-AC13-133E5B22C3BC}.Debug|x86.Build.0 = Debug|Any CPU
		{5F07688B-BA84-431A-AC13-133E5B22C3BC}.Release|Any CPU.ActiveCfg = Release|Any CPU
		{5F07688B-BA84-431A-AC13-133E5B22C3BC}.Release|Any CPU.Build.0 = Release|Any CPU
		{5F07688B-BA84-431A-AC13-133E5B22C3BC}.Release|x64.ActiveCfg = Release|Any CPU
		{5F07688B-BA84-431A-AC13-133E5B22C3BC}.Release|x64.Build.0 = Release|Any CPU
		{5F07688B-BA84-431A-AC13-133E5B22C3BC}.Release|x86.ActiveCfg = Release|Any CPU
		{5F07688B-BA84-431A-AC13-133E5B22C3BC}.Release|x86.Build.0 = Release|Any CPU
		{174F050E-12B0-4A99-A350-CED018F23BC6}.Debug|Any CPU.ActiveCfg = Debug|Any CPU
		{174F050E-12B0-4A99-A350-CED018F23BC6}.Debug|Any CPU.Build.0 = Debug|Any CPU
		{174F050E-12B0-4A99-A350-CED018F23BC6}.Debug|x64.ActiveCfg = Debug|Any CPU
		{174F050E-12B0-4A99-A350-CED018F23BC6}.Debug|x64.Build.0 = Debug|Any CPU
		{174F050E-12B0-4A99-A350-CED018F23BC6}.Debug|x86.ActiveCfg = Debug|Any CPU
		{174F050E-12B0-4A99-A350-CED018F23BC6}.Debug|x86.Build.0 = Debug|Any CPU
		{174F050E-12B0-4A99-A350-CED018F23BC6}.Release|Any CPU.ActiveCfg = Release|Any CPU
		{174F050E-12B0-4A99-A350-CED018F23BC6}.Release|Any CPU.Build.0 = Release|Any CPU
		{174F050E-12B0-4A99-A350-CED018F23BC6}.Release|x64.ActiveCfg = Release|Any CPU
		{174F050E-12B0-4A99-A350-CED018F23BC6}.Release|x64.Build.0 = Release|Any CPU
		{174F050E-12B0-4A99-A350-CED018F23BC6}.Release|x86.ActiveCfg = Release|Any CPU
		{174F050E-12B0-4A99-A350-CED018F23BC6}.Release|x86.Build.0 = Release|Any CPU
		{E1519E4D-089C-43C9-831D-41FE60D81544}.Debug|Any CPU.ActiveCfg = Debug|Any CPU
		{E1519E4D-089C-43C9-831D-41FE60D81544}.Debug|Any CPU.Build.0 = Debug|Any CPU
		{E1519E4D-089C-43C9-831D-41FE60D81544}.Debug|x64.ActiveCfg = Debug|Any CPU
		{E1519E4D-089C-43C9-831D-41FE60D81544}.Debug|x64.Build.0 = Debug|Any CPU
		{E1519E4D-089C-43C9-831D-41FE60D81544}.Debug|x86.ActiveCfg = Debug|Any CPU
		{E1519E4D-089C-43C9-831D-41FE60D81544}.Debug|x86.Build.0 = Debug|Any CPU
		{E1519E4D-089C-43C9-831D-41FE60D81544}.Release|Any CPU.ActiveCfg = Release|Any CPU
		{E1519E4D-089C-43C9-831D-41FE60D81544}.Release|Any CPU.Build.0 = Release|Any CPU
		{E1519E4D-089C-43C9-831D-41FE60D81544}.Release|x64.ActiveCfg = Release|Any CPU
		{E1519E4D-089C-43C9-831D-41FE60D81544}.Release|x64.Build.0 = Release|Any CPU
		{E1519E4D-089C-43C9-831D-41FE60D81544}.Release|x86.ActiveCfg = Release|Any CPU
		{E1519E4D-089C-43C9-831D-41FE60D81544}.Release|x86.Build.0 = Release|Any CPU
		{6DC56285-2D8C-41D6-9124-B083A9B9DE83}.Debug|Any CPU.ActiveCfg = Debug|Any CPU
		{6DC56285-2D8C-41D6-9124-B083A9B9DE83}.Debug|Any CPU.Build.0 = Debug|Any CPU
		{6DC56285-2D8C-41D6-9124-B083A9B9DE83}.Debug|x64.ActiveCfg = Debug|Any CPU
		{6DC56285-2D8C-41D6-9124-B083A9B9DE83}.Debug|x64.Build.0 = Debug|Any CPU
		{6DC56285-2D8C-41D6-9124-B083A9B9DE83}.Debug|x86.ActiveCfg = Debug|Any CPU
		{6DC56285-2D8C-41D6-9124-B083A9B9DE83}.Debug|x86.Build.0 = Debug|Any CPU
		{6DC56285-2D8C-41D6-9124-B083A9B9DE83}.Release|Any CPU.ActiveCfg = Release|Any CPU
		{6DC56285-2D8C-41D6-9124-B083A9B9DE83}.Release|Any CPU.Build.0 = Release|Any CPU
		{6DC56285-2D8C-41D6-9124-B083A9B9DE83}.Release|x64.ActiveCfg = Release|Any CPU
		{6DC56285-2D8C-41D6-9124-B083A9B9DE83}.Release|x64.Build.0 = Release|Any CPU
		{6DC56285-2D8C-41D6-9124-B083A9B9DE83}.Release|x86.ActiveCfg = Release|Any CPU
		{6DC56285-2D8C-41D6-9124-B083A9B9DE83}.Release|x86.Build.0 = Release|Any CPU
	EndGlobalSection
	GlobalSection(SolutionProperties) = preSolution
		HideSolutionNode = FALSE
	EndGlobalSection
	GlobalSection(NestedProjects) = preSolution
		{D8CB445C-A3B5-4343-98E8-B40771997274} = {02EA681E-C7D8-13C7-8484-4AC65E1B71E8}
		{B82ECB8D-7F1A-48C2-BD0B-8CB70620C58D} = {D8CB445C-A3B5-4343-98E8-B40771997274}
		{C422C3B0-6FC9-4C65-AF71-9756C1032A16} = {B82ECB8D-7F1A-48C2-BD0B-8CB70620C58D}
		{5F07688B-BA84-431A-AC13-133E5B22C3BC} = {B82ECB8D-7F1A-48C2-BD0B-8CB70620C58D}
		{174F050E-12B0-4A99-A350-CED018F23BC6} = {B82ECB8D-7F1A-48C2-BD0B-8CB70620C58D}
		{E1519E4D-089C-43C9-831D-41FE60D81544} = {B82ECB8D-7F1A-48C2-BD0B-8CB70620C58D}
		{E0914463-0C6B-4901-B633-45BAAF97A213} = {B82ECB8D-7F1A-48C2-BD0B-8CB70620C58D}
		{6DC56285-2D8C-41D6-9124-B083A9B9DE83} = {E0914463-0C6B-4901-B633-45BAAF97A213}
	EndGlobalSection
	GlobalSection(ExtensibilityGlobals) = postSolution
		SolutionGuid = {A457CD0A-964B-49BD-AA1E-BDC5F9841346}
	EndGlobalSection
EndGlobal
